
Microsoft Visual Studio Solution File, Format Version 12.00
# Visual Studio Version 16
VisualStudioVersion = 16.0.29521.150
MinimumVisualStudioVersion = 10.0.40219.1
Project("{9A19103F-16F7-4668-BE54-9A1E7A4F7556}") = "eSahifa.Books.Downloader", "eSahifa.Books.Downloader\eSahifa.Books.Downloader.csproj", "{BBF3BAA2-FAA6-46AF-837B-63E9E973756A}"
EndProject
Global
	GlobalSection(SolutionConfigurationPlatforms) = preSolution
		Debug|Any CPU = Debug|Any CPU
		Release|Any CPU = Release|Any CPU
	EndGlobalSection
	GlobalSection(ProjectConfigurationPlatforms) = postSolution
		{BBF3BAA2-FAA6-46AF-837B-63E9E973756A}.Debug|Any CPU.ActiveCfg = Debug|Any CPU
		{BBF3BAA2-FAA6-46AF-837B-63E9E973756A}.Debug|Any CPU.Build.0 = Debug|Any CPU
		{BBF3BAA2-FAA6-46AF-837B-63E9E973756A}.Release|Any CPU.ActiveCfg = Release|Any CPU
		{BBF3BAA2-FAA6-46AF-837B-63E9E973756A}.Release|Any CPU.Build.0 = Release|Any CPU
	EndGlobalSection
	GlobalSection(SolutionProperties) = preSolution
		HideSolutionNode = FALSE
	EndGlobalSection
	GlobalSection(ExtensibilityGlobals) = postSolution
		SolutionGuid = {6D43E79E-6B07-4E26-9F0B-DECE303DF29A}
	EndGlobalSection
EndGlobal
